
Microsoft Visual Studio Solution File, Format Version 12.00
# Visual Studio Version 16
VisualStudioVersion = 16.0.32106.194
MinimumVisualStudioVersion = 10.0.40219.1
Project("{FAE04EC0-301F-11D3-BF4B-00C04F79EFBC}") = "LinearEquationSystems", "LinearEquationSystems.csproj", "{1BEC64C2-F769-4735-A892-29A680DE3346}"
EndProject
Global
	GlobalSection(SolutionConfigurationPlatforms) = preSolution
		Debug|Any CPU = Debug|Any CPU
		Release|Any CPU = Release|Any CPU
	EndGlobalSection
	GlobalSection(ProjectConfigurationPlatforms) = postSolution
		{1BEC64C2-F769-4735-A892-29A680DE3346}.Debug|Any CPU.ActiveCfg = Debug|Any CPU
		{1BEC64C2-F769-4735-A892-29A680DE3346}.Debug|Any CPU.Build.0 = Debug|Any CPU
		{1BEC64C2-F769-4735-A892-29A680DE3346}.Release|Any CPU.ActiveCfg = Release|Any CPU
		{1BEC64C2-F769-4735-A892-29A680DE3346}.Release|Any CPU.Build.0 = Release|Any CPU
	EndGlobalSection
	GlobalSection(SolutionProperties) = preSolution
		HideSolutionNode = FALSE
	EndGlobalSection
	GlobalSection(ExtensibilityGlobals) = postSolution
		SolutionGuid = {833C3EC3-F873-4F65-835B-0E92AC49831A}
	EndGlobalSection
EndGlobal
